
Microsoft Visual Studio Solution File, Format Version 12.00
# Visual Studio Version 16
VisualStudioVersion = 16.0.30002.166
MinimumVisualStudioVersion = 10.0.40219.1
Project("{FAE04EC0-301F-11D3-BF4B-00C04F79EFBC}") = "GeradorTicket-Jira", "GeradorTicket-Jira\GeradorTicket-Jira.csproj", "{B7EBCF12-3622-4D67-9C8D-4591FD36C7A0}"
EndProject
Project("{FAE04EC0-301F-11D3-BF4B-00C04F79EFBC}") = "SeletorServidor", "SeletorServidor\SeletorServidor.csproj", "{746A6800-3988-44AB-A74E-C18DAEDC3797}"
EndProject
Global
	GlobalSection(SolutionConfigurationPlatforms) = preSolution
		Debug|Any CPU = Debug|Any CPU
		Release|Any CPU = Release|Any CPU
	EndGlobalSection
	GlobalSection(ProjectConfigurationPlatforms) = postSolution
		{B7EBCF12-3622-4D67-9C8D-4591FD36C7A0}.Debug|Any CPU.ActiveCfg = Debug|Any CPU
		{B7EBCF12-3622-4D67-9C8D-4591FD36C7A0}.Debug|Any CPU.Build.0 = Debug|Any CPU
		{B7EBCF12-3622-4D67-9C8D-4591FD36C7A0}.Release|Any CPU.ActiveCfg = Release|Any CPU
		{B7EBCF12-3622-4D67-9C8D-4591FD36C7A0}.Release|Any CPU.Build.0 = Release|Any CPU
		{746A6800-3988-44AB-A74E-C18DAEDC3797}.Debug|Any CPU.ActiveCfg = Debug|Any CPU
		{746A6800-3988-44AB-A74E-C18DAEDC3797}.Debug|Any CPU.Build.0 = Debug|Any CPU
		{746A6800-3988-44AB-A74E-C18DAEDC3797}.Release|Any CPU.ActiveCfg = Release|Any CPU
		{746A6800-3988-44AB-A74E-C18DAEDC3797}.Release|Any CPU.Build.0 = Release|Any CPU
	EndGlobalSection
	GlobalSection(SolutionProperties) = preSolution
		HideSolutionNode = FALSE
	EndGlobalSection
	GlobalSection(ExtensibilityGlobals) = postSolution
		SolutionGuid = {B8702908-0054-400E-B7FC-D569412EA32E}
	EndGlobalSection
EndGlobal
